// !$*UTF8*$!
{
	archiveVersion = 1;
	classes = {
	};
	objectVersion = 46;
	objects = {

/* Begin PBXBuildFile section */
		56F7C51314BB31F800F6AC6B /* UIKit.framework in Frameworks */ = {isa = PBXBuildFile; fileRef = 56F7C51214BB31F800F6AC6B /* UIKit.framework */; };
		56F7C51514BB31F800F6AC6B /* Foundation.framework in Frameworks */ = {isa = PBXBuildFile; fileRef = 56F7C51414BB31F800F6AC6B /* Foundation.framework */; };
		56F7C51714BB31F800F6AC6B /* CoreGraphics.framework in Frameworks */ = {isa = PBXBuildFile; fileRef = 56F7C51614BB31F800F6AC6B /* CoreGraphics.framework */; };
		56F7C51914BB31F800F6AC6B /* CoreData.framework in Frameworks */ = {isa = PBXBuildFile; fileRef = 56F7C51814BB31F800F6AC6B /* CoreData.framework */; };
		56F7C51F14BB31F800F6AC6B /* InfoPlist.strings in Resources */ = {isa = PBXBuildFile; fileRef = 56F7C51D14BB31F800F6AC6B /* InfoPlist.strings */; };
		56F7C52114BB31F800F6AC6B /* main.m in Sources */ = {isa = PBXBuildFile; fileRef = 56F7C52014BB31F800F6AC6B /* main.m */; };
		56F7C52514BB31F800F6AC6B /* AppDelegate.m in Sources */ = {isa = PBXBuildFile; fileRef = 56F7C52414BB31F800F6AC6B /* AppDelegate.m */; };
		56F7C52814BB31F800F6AC6B /* MainStoryboard.storyboard in Resources */ = {isa = PBXBuildFile; fileRef = 56F7C52614BB31F800F6AC6B /* MainStoryboard.storyboard */; };
		56F7C52B14BB31F800F6AC6B /* NowPlaying.xcdatamodeld in Sources */ = {isa = PBXBuildFile; fileRef = 56F7C52914BB31F800F6AC6B /* NowPlaying.xcdatamodeld */; };
		56F7C52E14BB31F900F6AC6B /* MainViewController.m in Sources */ = {isa = PBXBuildFile; fileRef = 56F7C52D14BB31F900F6AC6B /* MainViewController.m */; };
		56F7C53114BB31F900F6AC6B /* FlipsideViewController.m in Sources */ = {isa = PBXBuildFile; fileRef = 56F7C53014BB31F900F6AC6B /* FlipsideViewController.m */; };
		56F7C53914BB31F900F6AC6B /* SenTestingKit.framework in Frameworks */ = {isa = PBXBuildFile; fileRef = 56F7C53814BB31F900F6AC6B /* SenTestingKit.framework */; };
		56F7C53A14BB31F900F6AC6B /* UIKit.framework in Frameworks */ = {isa = PBXBuildFile; fileRef = 56F7C51214BB31F800F6AC6B /* UIKit.framework */; };
		56F7C53B14BB31F900F6AC6B /* Foundation.framework in Frameworks */ = {isa = PBXBuildFile; fileRef = 56F7C51414BB31F800F6AC6B /* Foundation.framework */; };
		56F7C53C14BB31F900F6AC6B /* CoreData.framework in Frameworks */ = {isa = PBXBuildFile; fileRef = 56F7C51814BB31F800F6AC6B /* CoreData.framework */; };
		56F7C54414BB31F900F6AC6B /* InfoPlist.strings in Resources */ = {isa = PBXBuildFile; fileRef = 56F7C54214BB31F900F6AC6B /* InfoPlist.strings */; };
		56F7C54714BB31F900F6AC6B /* NowPlayingTests.m in Sources */ = {isa = PBXBuildFile; fileRef = 56F7C54614BB31F900F6AC6B /* NowPlayingTests.m */; };
/* End PBXBuildFile section */

/* Begin PBXContainerItemProxy section */
		56F7C53D14BB31F900F6AC6B /* PBXContainerItemProxy */ = {
			isa = PBXContainerItemProxy;
			containerPortal = 56F7C50514BB31F800F6AC6B /* Project object */;
			proxyType = 1;
			remoteGlobalIDString = 56F7C50D14BB31F800F6AC6B;
			remoteInfo = NowPlaying;
		};
/* End PBXContainerItemProxy section */

/* Begin PBXFileReference section */
		56F7C50E14BB31F800F6AC6B /* NowPlaying.app */ = {isa = PBXFileReference; explicitFileType = wrapper.application; includeInIndex = 0; path = NowPlaying.app; sourceTree = BUILT_PRODUCTS_DIR; };
		56F7C51214BB31F800F6AC6B /* UIKit.framework */ = {isa = PBXFileReference; lastKnownFileType = wrapper.framework; name = UIKit.framework; path = System/Library/Frameworks/UIKit.framework; sourceTree = SDKROOT; };
		56F7C51414BB31F800F6AC6B /* Foundation.framework */ = {isa = PBXFileReference; lastKnownFileType = wrapper.framework; name = Foundation.framework; path = System/Library/Frameworks/Foundation.framework; sourceTree = SDKROOT; };
		56F7C51614BB31F800F6AC6B /* CoreGraphics.framework */ = {isa = PBXFileReference; lastKnownFileType = wrapper.framework; name = CoreGraphics.framework; path = System/Library/Frameworks/CoreGraphics.framework; sourceTree = SDKROOT; };
		56F7C51814BB31F800F6AC6B /* CoreData.framework */ = {isa = PBXFileReference; lastKnownFileType = wrapper.framework; name = CoreData.framework; path = System/Library/Frameworks/CoreData.framework; sourceTree = SDKROOT; };
		56F7C51C14BB31F800F6AC6B /* NowPlaying-Info.plist */ = {isa = PBXFileReference; path = "NowPlaying-Info.plist"; sourceTree = "<group>"; };
		56F7C51E14BB31F800F6AC6B /* en */ = {isa = PBXFileReference; lastKnownFileType = text.plist.strings; name = en; path = en.lproj/InfoPlist.strings; sourceTree = "<group>"; };
		56F7C52014BB31F800F6AC6B /* main.m */ = {isa = PBXFileReference; lastKnownFileType = sourcecode.c.objc; path = main.m; sourceTree = "<group>"; };
		56F7C52214BB31F800F6AC6B /* NowPlaying-Prefix.pch */ = {isa = PBXFileReference; path = "NowPlaying-Prefix.pch"; sourceTree = "<group>"; };
		56F7C52314BB31F800F6AC6B /* AppDelegate.h */ = {isa = PBXFileReference; path = AppDelegate.h; sourceTree = "<group>"; };
		56F7C52414BB31F800F6AC6B /* AppDelegate.m */ = {isa = PBXFileReference; lastKnownFileType = sourcecode.c.objc; path = AppDelegate.m; sourceTree = "<group>"; };
		56F7C52714BB31F800F6AC6B /* en */ = {isa = PBXFileReference; lastKnownFileType = file.storyboard; name = en; path = en.lproj/MainStoryboard.storyboard; sourceTree = "<group>"; };
		56F7C52A14BB31F800F6AC6B /* NowPlaying.xcdatamodel */ = {isa = PBXFileReference; lastKnownFileType = wrapper.xcdatamodel; path = NowPlaying.xcdatamodel; sourceTree = "<group>"; };
		56F7C52C14BB31F800F6AC6B /* MainViewController.h */ = {isa = PBXFileReference; path = MainViewController.h; sourceTree = "<group>"; };
		56F7C52D14BB31F900F6AC6B /* MainViewController.m */ = {isa = PBXFileReference; lastKnownFileType = sourcecode.c.objc; path = MainViewController.m; sourceTree = "<group>"; };
		56F7C52F14BB31F900F6AC6B /* FlipsideViewController.h */ = {isa = PBXFileReference; path = FlipsideViewController.h; sourceTree = "<group>"; };
		56F7C53014BB31F900F6AC6B /* FlipsideViewController.m */ = {isa = PBXFileReference; lastKnownFileType = sourcecode.c.objc; path = FlipsideViewController.m; sourceTree = "<group>"; };
		56F7C53714BB31F900F6AC6B /* NowPlayingTests.octest */ = {isa = PBXFileReference; explicitFileType = wrapper.cfbundle; includeInIndex = 0; path = NowPlayingTests.octest; sourceTree = BUILT_PRODUCTS_DIR; };
		56F7C53814BB31F900F6AC6B /* SenTestingKit.framework */ = {isa = PBXFileReference; lastKnownFileType = wrapper.framework; name = SenTestingKit.framework; path = Library/Frameworks/SenTestingKit.framework; sourceTree = DEVELOPER_DIR; };
		56F7C54114BB31F900F6AC6B /* NowPlayingTests-Info.plist */ = {isa = PBXFileReference; path = "NowPlayingTests-Info.plist"; sourceTree = "<group>"; };
		56F7C54314BB31F900F6AC6B /* en */ = {isa = PBXFileReference; lastKnownFileType = text.plist.strings; name = en; path = en.lproj/InfoPlist.strings; sourceTree = "<group>"; };
		56F7C54514BB31F900F6AC6B /* NowPlayingTests.h */ = {isa = PBXFileReference; path = NowPlayingTests.h; sourceTree = "<group>"; };
		56F7C54614BB31F900F6AC6B /* NowPlayingTests.m */ = {isa = PBXFileReference; lastKnownFileType = sourcecode.c.objc; path = NowPlayingTests.m; sourceTree = "<group>"; };
/* End PBXFileReference section */

/* Begin PBXFrameworksBuildPhase section */
		56F7C50B14BB31F800F6AC6B /* Frameworks */ = {
			isa = PBXFrameworksBuildPhase;
			buildActionMask = 2147483647;
			files = (
				56F7C51314BB31F800F6AC6B /* UIKit.framework in Frameworks */,
				56F7C51514BB31F800F6AC6B /* Foundation.framework in Frameworks */,
				56F7C51714BB31F800F6AC6B /* CoreGraphics.framework in Frameworks */,
				56F7C51914BB31F800F6AC6B /* CoreData.framework in Frameworks */,
			);
			runOnlyForDeploymentPostprocessing = 0;
		};
		56F7C53314BB31F900F6AC6B /* Frameworks */ = {
			isa = PBXFrameworksBuildPhase;
			buildActionMask = 2147483647;
			files = (
				56F7C53914BB31F900F6AC6B /* SenTestingKit.framework in Frameworks */,
				56F7C53A14BB31F900F6AC6B /* UIKit.framework in Frameworks */,
				56F7C53B14BB31F900F6AC6B /* Foundation.framework in Frameworks */,
				56F7C53C14BB31F900F6AC6B /* CoreData.framework in Frameworks */,
			);
			runOnlyForDeploymentPostprocessing = 0;
		};
/* End PBXFrameworksBuildPhase section */

/* Begin PBXGroup section */
		56F7C50314BB31F800F6AC6B = {
			isa = PBXGroup;
			children = (
				56F7C51A14BB31F800F6AC6B /* NowPlaying */,
				56F7C53F14BB31F900F6AC6B /* NowPlayingTests */,
				56F7C51114BB31F800F6AC6B /* Frameworks */,
				56F7C50F14BB31F800F6AC6B /* Products */,
			);
			sourceTree = "<group>";
		};
		56F7C50F14BB31F800F6AC6B /* Products */ = {
			isa = PBXGroup;
			children = (
				56F7C50E14BB31F800F6AC6B /* NowPlaying.app */,
				56F7C53714BB31F900F6AC6B /* NowPlayingTests.octest */,
			);
			name = Products;
			sourceTree = "<group>";
		};
		56F7C51114BB31F800F6AC6B /* Frameworks */ = {
			isa = PBXGroup;
			children = (
				56F7C51214BB31F800F6AC6B /* UIKit.framework */,
				56F7C51414BB31F800F6AC6B /* Foundation.framework */,
				56F7C51614BB31F800F6AC6B /* CoreGraphics.framework */,
				56F7C51814BB31F800F6AC6B /* CoreData.framework */,
				56F7C53814BB31F900F6AC6B /* SenTestingKit.framework */,
			);
			name = Frameworks;
			sourceTree = "<group>";
		};
		56F7C51A14BB31F800F6AC6B /* NowPlaying */ = {
			isa = PBXGroup;
			children = (
				56F7C52314BB31F800F6AC6B /* AppDelegate.h */,
				56F7C52414BB31F800F6AC6B /* AppDelegate.m */,
				56F7C52614BB31F800F6AC6B /* MainStoryboard.storyboard */,
				56F7C52C14BB31F800F6AC6B /* MainViewController.h */,
				56F7C52D14BB31F900F6AC6B /* MainViewController.m */,
				56F7C52F14BB31F900F6AC6B /* FlipsideViewController.h */,
				56F7C53014BB31F900F6AC6B /* FlipsideViewController.m */,
				56F7C52914BB31F800F6AC6B /* NowPlaying.xcdatamodeld */,
				56F7C51B14BB31F800F6AC6B /* Supporting Files */,
			);
			path = NowPlaying;
			sourceTree = "<group>";
		};
		56F7C51B14BB31F800F6AC6B /* Supporting Files */ = {
			isa = PBXGroup;
			children = (
				56F7C51C14BB31F800F6AC6B /* NowPlaying-Info.plist */,
				56F7C51D14BB31F800F6AC6B /* InfoPlist.strings */,
				56F7C52014BB31F800F6AC6B /* main.m */,
				56F7C52214BB31F800F6AC6B /* NowPlaying-Prefix.pch */,
			);
			name = "Supporting Files";
			sourceTree = "<group>";
		};
		56F7C53F14BB31F900F6AC6B /* NowPlayingTests */ = {
			isa = PBXGroup;
			children = (
				56F7C54514BB31F900F6AC6B /* NowPlayingTests.h */,
				56F7C54614BB31F900F6AC6B /* NowPlayingTests.m */,
				56F7C54014BB31F900F6AC6B /* Supporting Files */,
			);
			path = NowPlayingTests;
			sourceTree = "<group>";
		};
		56F7C54014BB31F900F6AC6B /* Supporting Files */ = {
			isa = PBXGroup;
			children = (
				56F7C54114BB31F900F6AC6B /* NowPlayingTests-Info.plist */,
				56F7C54214BB31F900F6AC6B /* InfoPlist.strings */,
			);
			name = "Supporting Files";
			sourceTree = "<group>";
		};
/* End PBXGroup section */

/* Begin PBXNativeTarget section */
		56F7C50D14BB31F800F6AC6B /* NowPlaying */ = {
			isa = PBXNativeTarget;
			buildConfigurationList = 56F7C54A14BB31F900F6AC6B /* Build configuration list for PBXNativeTarget "NowPlaying" */;
			buildPhases = (
				56F7C50A14BB31F800F6AC6B /* Sources */,
				56F7C50B14BB31F800F6AC6B /* Frameworks */,
				56F7C50C14BB31F800F6AC6B /* Resources */,
			);
			buildRules = (
			);
			dependencies = (
			);
			name = NowPlaying;
			productName = NowPlaying;
			productReference = 56F7C50E14BB31F800F6AC6B /* NowPlaying.app */;
			productType = "com.apple.product-type.application";
		};
		56F7C53614BB31F900F6AC6B /* NowPlayingTests */ = {
			isa = PBXNativeTarget;
			buildConfigurationList = 56F7C54D14BB31F900F6AC6B /* Build configuration list for PBXNativeTarget "NowPlayingTests" */;
			buildPhases = (
				56F7C53214BB31F900F6AC6B /* Sources */,
				56F7C53314BB31F900F6AC6B /* Frameworks */,
				56F7C53414BB31F900F6AC6B /* Resources */,
				56F7C53514BB31F900F6AC6B /* ShellScript */,
			);
			buildRules = (
			);
			dependencies = (
				56F7C53E14BB31F900F6AC6B /* PBXTargetDependency */,
			);
			name = NowPlayingTests;
			productName = NowPlayingTests;
			productReference = 56F7C53714BB31F900F6AC6B /* NowPlayingTests.octest */;
			productType = "com.apple.product-type.bundle";
		};
/* End PBXNativeTarget section */

/* Begin PBXProject section */
		56F7C50514BB31F800F6AC6B /* Project object */ = {
			isa = PBXProject;
			attributes = {
				LastUpgradeCheck = 0420;
				ORGANIZATIONNAME = "ビッツ有限会社";
			};
			buildConfigurationList = 56F7C50814BB31F800F6AC6B /* Build configuration list for PBXProject "NowPlaying" */;
			compatibilityVersion = "Xcode 3.2";
			developmentRegion = English;
			hasScannedForEncodings = 0;
			knownRegions = (
				en,
			);
			mainGroup = 56F7C50314BB31F800F6AC6B;
			productRefGroup = 56F7C50F14BB31F800F6AC6B /* Products */;
			projectDirPath = "";
			projectRoot = "";
			targets = (
				56F7C50D14BB31F800F6AC6B /* NowPlaying */,
				56F7C53614BB31F900F6AC6B /* NowPlayingTests */,
			);
		};
/* End PBXProject section */

/* Begin PBXResourcesBuildPhase section */
		56F7C50C14BB31F800F6AC6B /* Resources */ = {
			isa = PBXResourcesBuildPhase;
			buildActionMask = 2147483647;
			files = (
				56F7C51F14BB31F800F6AC6B /* InfoPlist.strings in Resources */,
				56F7C52814BB31F800F6AC6B /* MainStoryboard.storyboard in Resources */,
			);
			runOnlyForDeploymentPostprocessing = 0;
		};
		56F7C53414BB31F900F6AC6B /* Resources */ = {
			isa = PBXResourcesBuildPhase;
			buildActionMask = 2147483647;
			files = (
				56F7C54414BB31F900F6AC6B /* InfoPlist.strings in Resources */,
			);
			runOnlyForDeploymentPostprocessing = 0;
		};
/* End PBXResourcesBuildPhase section */

/* Begin PBXShellScriptBuildPhase section */
		56F7C53514BB31F900F6AC6B /* ShellScript */ = {
			isa = PBXShellScriptBuildPhase;
			buildActionMask = 2147483647;
			files = (
			);
			inputPaths = (
			);
			outputPaths = (
			);
			runOnlyForDeploymentPostprocessing = 0;
			shellPath = /bin/sh;
			shellScript = "# Run the unit tests in this test bundle.\n\"${SYSTEM_DEVELOPER_DIR}/Tools/RunUnitTests\"\n";
		};
/* End PBXShellScriptBuildPhase section */

/* Begin PBXSourcesBuildPhase section */
		56F7C50A14BB31F800F6AC6B /* Sources */ = {
			isa = PBXSourcesBuildPhase;
			buildActionMask = 2147483647;
			files = (
				56F7C52114BB31F800F6AC6B /* main.m in Sources */,
				56F7C52514BB31F800F6AC6B /* AppDelegate.m in Sources */,
				56F7C52B14BB31F800F6AC6B /* NowPlaying.xcdatamodeld in Sources */,
				56F7C52E14BB31F900F6AC6B /* MainViewController.m in Sources */,
				56F7C53114BB31F900F6AC6B /* FlipsideViewController.m in Sources */,
			);
			runOnlyForDeploymentPostprocessing = 0;
		};
		56F7C53214BB31F900F6AC6B /* Sources */ = {
			isa = PBXSourcesBuildPhase;
			buildActionMask = 2147483647;
			files = (
				56F7C54714BB31F900F6AC6B /* NowPlayingTests.m in Sources */,
			);
			runOnlyForDeploymentPostprocessing = 0;
		};
/* End PBXSourcesBuildPhase section */

/* Begin PBXTargetDependency section */
		56F7C53E14BB31F900F6AC6B /* PBXTargetDependency */ = {
			isa = PBXTargetDependency;
			target = 56F7C50D14BB31F800F6AC6B /* NowPlaying */;
			targetProxy = 56F7C53D14BB31F900F6AC6B /* PBXContainerItemProxy */;
		};
/* End PBXTargetDependency section */

/* Begin PBXVariantGroup section */
		56F7C51D14BB31F800F6AC6B /* InfoPlist.strings */ = {
			isa = PBXVariantGroup;
			children = (
				56F7C51E14BB31F800F6AC6B /* en */,
			);
			name = InfoPlist.strings;
			sourceTree = "<group>";
		};
		56F7C52614BB31F800F6AC6B /* MainStoryboard.storyboard */ = {
			isa = PBXVariantGroup;
			children = (
				56F7C52714BB31F800F6AC6B /* en */,
			);
			name = MainStoryboard.storyboard;
			sourceTree = "<group>";
		};
		56F7C54214BB31F900F6AC6B /* InfoPlist.strings */ = {
			isa = PBXVariantGroup;
			children = (
				56F7C54314BB31F900F6AC6B /* en */,
			);
			name = InfoPlist.strings;
			sourceTree = "<group>";
		};
/* End PBXVariantGroup section */

/* Begin XCBuildConfiguration section */
		56F7C54814BB31F900F6AC6B /* Debug */ = {
			isa = XCBuildConfiguration;
			buildSettings = {
				ALWAYS_SEARCH_USER_PATHS = NO;
				ARCHS = "$(ARCHS_STANDARD_32_BIT)";
				CLANG_ENABLE_OBJC_ARC = YES;
				"CODE_SIGN_IDENTITY[sdk=iphoneos*]" = "iPhone Developer";
				COPY_PHASE_STRIP = NO;
				GCC_C_LANGUAGE_STANDARD = gnu99;
				GCC_DYNAMIC_NO_PIC = NO;
				GCC_OPTIMIZATION_LEVEL = 0;
				GCC_PREPROCESSOR_DEFINITIONS = (
					"DEBUG=1",
					"$(inherited)",
				);
				GCC_SYMBOLS_PRIVATE_EXTERN = NO;
				GCC_VERSION = com.apple.compilers.llvm.clang.1_0;
				GCC_WARN_ABOUT_MISSING_PROTOTYPES = YES;
				GCC_WARN_ABOUT_RETURN_TYPE = YES;
				GCC_WARN_UNUSED_VARIABLE = YES;
				IPHONEOS_DEPLOYMENT_TARGET = 5.0;
				SDKROOT = iphoneos;
			};
			name = Debug;
		};
		56F7C54914BB31F900F6AC6B /* Release */ = {
			isa = XCBuildConfiguration;
			buildSettings = {
				ALWAYS_SEARCH_USER_PATHS = NO;
				ARCHS = "$(ARCHS_STANDARD_32_BIT)";
				CLANG_ENABLE_OBJC_ARC = YES;
				"CODE_SIGN_IDENTITY[sdk=iphoneos*]" = "iPhone Developer";
				COPY_PHASE_STRIP = YES;
				GCC_C_LANGUAGE_STANDARD = gnu99;
				GCC_VERSION = com.apple.compilers.llvm.clang.1_0;
				GCC_WARN_ABOUT_MISSING_PROTOTYPES = YES;
				GCC_WARN_ABOUT_RETURN_TYPE = YES;
				GCC_WARN_UNUSED_VARIABLE = YES;
				IPHONEOS_DEPLOYMENT_TARGET = 5.0;
				OTHER_CFLAGS = "-DNS_BLOCK_ASSERTIONS=1";
				SDKROOT = iphoneos;
				VALIDATE_PRODUCT = YES;
			};
			name = Release;
		};
		56F7C54B14BB31F900F6AC6B /* Debug */ = {
			isa = XCBuildConfiguration;
			buildSettings = {
				GCC_PRECOMPILE_PREFIX_HEADER = YES;
				GCC_PREFIX_HEADER = "NowPlaying/NowPlaying-Prefix.pch";
				INFOPLIST_FILE = "NowPlaying/NowPlaying-Info.plist";
				PRODUCT_NAME = "$(TARGET_NAME)";
				WRAPPER_EXTENSION = app;
			};
			name = Debug;
		};
		56F7C54C14BB31F900F6AC6B /* Release */ = {
			isa = XCBuildConfiguration;
			buildSettings = {
				GCC_PRECOMPILE_PREFIX_HEADER = YES;
				GCC_PREFIX_HEADER = "NowPlaying/NowPlaying-Prefix.pch";
				INFOPLIST_FILE = "NowPlaying/NowPlaying-Info.plist";
				PRODUCT_NAME = "$(TARGET_NAME)";
				WRAPPER_EXTENSION = app;
			};
			name = Release;
		};
		56F7C54E14BB31F900F6AC6B /* Debug */ = {
			isa = XCBuildConfiguration;
			buildSettings = {
				BUNDLE_LOADER = "$(BUILT_PRODUCTS_DIR)/NowPlaying.app/NowPlaying";
				FRAMEWORK_SEARCH_PATHS = (
					"$(SDKROOT)/Developer/Library/Frameworks",
					"$(DEVELOPER_LIBRARY_DIR)/Frameworks",
				);
				GCC_PRECOMPILE_PREFIX_HEADER = YES;
				GCC_PREFIX_HEADER = "NowPlaying/NowPlaying-Prefix.pch";
				INFOPLIST_FILE = "NowPlayingTests/NowPlayingTests-Info.plist";
				PRODUCT_NAME = "$(TARGET_NAME)";
				TEST_HOST = "$(BUNDLE_LOADER)";
				WRAPPER_EXTENSION = octest;
			};
			name = Debug;
		};
		56F7C54F14BB31F900F6AC6B /* Release */ = {
			isa = XCBuildConfiguration;
			buildSettings = {
				BUNDLE_LOADER = "$(BUILT_PRODUCTS_DIR)/NowPlaying.app/NowPlaying";
				FRAMEWORK_SEARCH_PATHS = (
					"$(SDKROOT)/Developer/Library/Frameworks",
					"$(DEVELOPER_LIBRARY_DIR)/Frameworks",
				);
				GCC_PRECOMPILE_PREFIX_HEADER = YES;
				GCC_PREFIX_HEADER = "NowPlaying/NowPlaying-Prefix.pch";
				INFOPLIST_FILE = "NowPlayingTests/NowPlayingTests-Info.plist";
				PRODUCT_NAME = "$(TARGET_NAME)";
				TEST_HOST = "$(BUNDLE_LOADER)";
				WRAPPER_EXTENSION = octest;
			};
			name = Release;
		};
/* End XCBuildConfiguration section */

/* Begin XCConfigurationList section */
		56F7C50814BB31F800F6AC6B /* Build configuration list for PBXProject "NowPlaying" */ = {
			isa = XCConfigurationList;
			buildConfigurations = (
				56F7C54814BB31F900F6AC6B /* Debug */,
				56F7C54914BB31F900F6AC6B /* Release */,
			);
			defaultConfigurationIsVisible = 0;
			defaultConfigurationName = Release;
		};
		56F7C54A14BB31F900F6AC6B /* Build configuration list for PBXNativeTarget "NowPlaying" */ = {
			isa = XCConfigurationList;
			buildConfigurations = (
				56F7C54B14BB31F900F6AC6B /* Debug */,
				56F7C54C14BB31F900F6AC6B /* Release */,
			);
			defaultConfigurationIsVisible = 0;
		};
		56F7C54D14BB31F900F6AC6B /* Build configuration list for PBXNativeTarget "NowPlayingTests" */ = {
			isa = XCConfigurationList;
			buildConfigurations = (
				56F7C54E14BB31F900F6AC6B /* Debug */,
				56F7C54F14BB31F900F6AC6B /* Release */,
			);
			defaultConfigurationIsVisible = 0;
		};
/* End XCConfigurationList section */

/* Begin XCVersionGroup section */
		56F7C52914BB31F800F6AC6B /* NowPlaying.xcdatamodeld */ = {
			isa = XCVersionGroup;
			children = (
				56F7C52A14BB31F800F6AC6B /* NowPlaying.xcdatamodel */,
			);
			currentVersion = 56F7C52A14BB31F800F6AC6B /* NowPlaying.xcdatamodel */;
			path = NowPlaying.xcdatamodeld;
			sourceTree = "<group>";
			versionGroupType = wrapper.xcdatamodel;
		};
/* End XCVersionGroup section */
	};
	rootObject = 56F7C50514BB31F800F6AC6B /* Project object */;
}
